
Microsoft Visual Studio Solution File, Format Version 12.00
# Visual Studio 14
VisualStudioVersion = 14.0.23107.0
MinimumVisualStudioVersion = 10.0.40219.1
Project("{FAE04EC0-301F-11D3-BF4B-00C04F79EFBC}") = "School", "School\School.csproj", "{13D28A9D-C809-42BD-8014-C7C8F6341615}"
EndProject
Project("{FAE04EC0-301F-11D3-BF4B-00C04F79EFBC}") = "DAOS", "DAOS\DAOS.csproj", "{58C95584-7B0D-409F-A31E-B09A596304B7}"
EndProject
Project("{FAE04EC0-301F-11D3-BF4B-00C04F79EFBC}") = "SchoolTests", "SchoolTests\SchoolTests.csproj", "{043D1A06-6B09-48F6-A15F-83F6B115E6D7}"
EndProject
Project("{F184B08F-C81C-45F6-A57F-5ABD9991F28F}") = "GenericFunctions", "GenericFunctions\GenericFunctions.vbproj", "{DC162325-BB1E-4CA3-8836-CC53FB05D9FF}"
EndProject
Project("{FAE04EC0-301F-11D3-BF4B-00C04F79EFBC}") = "Pastoral", "Pastoral\Pastoral.csproj", "{1B3ED732-89D3-478F-BE21-5C750AE02632}"
EndProject
Global
	GlobalSection(SolutionConfigurationPlatforms) = preSolution
		Debug|Any CPU = Debug|Any CPU
		Release|Any CPU = Release|Any CPU
	EndGlobalSection
	GlobalSection(ProjectConfigurationPlatforms) = postSolution
		{13D28A9D-C809-42BD-8014-C7C8F6341615}.Debug|Any CPU.ActiveCfg = Debug|Any CPU
		{13D28A9D-C809-42BD-8014-C7C8F6341615}.Release|Any CPU.ActiveCfg = Release|Any CPU
		{13D28A9D-C809-42BD-8014-C7C8F6341615}.Release|Any CPU.Build.0 = Release|Any CPU
		{58C95584-7B0D-409F-A31E-B09A596304B7}.Debug|Any CPU.ActiveCfg = Debug|Any CPU
		{58C95584-7B0D-409F-A31E-B09A596304B7}.Release|Any CPU.ActiveCfg = Release|Any CPU
		{58C95584-7B0D-409F-A31E-B09A596304B7}.Release|Any CPU.Build.0 = Release|Any CPU
		{043D1A06-6B09-48F6-A15F-83F6B115E6D7}.Debug|Any CPU.ActiveCfg = Debug|Any CPU
		{043D1A06-6B09-48F6-A15F-83F6B115E6D7}.Release|Any CPU.ActiveCfg = Release|Any CPU
		{043D1A06-6B09-48F6-A15F-83F6B115E6D7}.Release|Any CPU.Build.0 = Release|Any CPU
		{DC162325-BB1E-4CA3-8836-CC53FB05D9FF}.Debug|Any CPU.ActiveCfg = Debug|Any CPU
		{DC162325-BB1E-4CA3-8836-CC53FB05D9FF}.Debug|Any CPU.Build.0 = Debug|Any CPU
		{DC162325-BB1E-4CA3-8836-CC53FB05D9FF}.Release|Any CPU.ActiveCfg = Release|Any CPU
		{DC162325-BB1E-4CA3-8836-CC53FB05D9FF}.Release|Any CPU.Build.0 = Release|Any CPU
		{1B3ED732-89D3-478F-BE21-5C750AE02632}.Debug|Any CPU.ActiveCfg = Debug|Any CPU
		{1B3ED732-89D3-478F-BE21-5C750AE02632}.Debug|Any CPU.Build.0 = Debug|Any CPU
		{1B3ED732-89D3-478F-BE21-5C750AE02632}.Release|Any CPU.ActiveCfg = Release|Any CPU
		{1B3ED732-89D3-478F-BE21-5C750AE02632}.Release|Any CPU.Build.0 = Release|Any CPU
	EndGlobalSection
	GlobalSection(SolutionProperties) = preSolution
		HideSolutionNode = FALSE
	EndGlobalSection
EndGlobal
